
Microsoft Visual Studio Solution File, Format Version 12.00
# Visual Studio Version 17
VisualStudioVersion = 17.9.34728.123
MinimumVisualStudioVersion = 10.0.40219.1
Project("{9A19103F-16F7-4668-BE54-9A1E7A4F7556}") = "S3CLI", "S3CLI.csproj", "{D1BC76EC-769D-44FA-89F2-F6C7958E1D43}"
EndProject
Global
	GlobalSection(SolutionConfigurationPlatforms) = preSolution
		Debug|Any CPU = Debug|Any CPU
		Release|Any CPU = Release|Any CPU
	EndGlobalSection
	GlobalSection(ProjectConfigurationPlatforms) = postSolution
		{D1BC76EC-769D-44FA-89F2-F6C7958E1D43}.Debug|Any CPU.ActiveCfg = Debug|Any CPU
		{D1BC76EC-769D-44FA-89F2-F6C7958E1D43}.Debug|Any CPU.Build.0 = Debug|Any CPU
		{D1BC76EC-769D-44FA-89F2-F6C7958E1D43}.Release|Any CPU.ActiveCfg = Release|Any CPU
		{D1BC76EC-769D-44FA-89F2-F6C7958E1D43}.Release|Any CPU.Build.0 = Release|Any CPU
	EndGlobalSection
	GlobalSection(SolutionProperties) = preSolution
		HideSolutionNode = FALSE
	EndGlobalSection
	GlobalSection(ExtensibilityGlobals) = postSolution
		SolutionGuid = {17ADFEF3-3B15-402F-B224-F0C91C62AF9C}
	EndGlobalSection
EndGlobal
